
Microsoft Visual Studio Solution File, Format Version 11.00
# Visual Studio 2010
Project("{2150E333-8FDC-42A3-9474-1A3956D46DE8}") = "Testing", "Testing", "{CF6CE2AF-D5D5-488B-9FFC-B1230EB8C40E}"
EndProject
Project("{2150E333-8FDC-42A3-9474-1A3956D46DE8}") = "Solution Items", "Solution Items", "{7CBCAC4C-0679-4A06-8418-1252020B7AB9}"
	ProjectSection(SolutionItems) = preProject
		CompleX.vsmdi = CompleX.vsmdi
		LocalTestRun.testrunconfig = LocalTestRun.testrunconfig
	EndProjectSection
EndProject
Project("{2150E333-8FDC-42A3-9474-1A3956D46DE8}") = "SolutionItems", "SolutionItems", "{29B13AAC-4EDA-42BA-B88E-E1CC90167828}"
	ProjectSection(SolutionItems) = preProject
		SolutionInfo.cs = SolutionInfo.cs
	EndProjectSection
EndProject
Project("{FAE04EC0-301F-11D3-BF4B-00C04F79EFBC}") = "CompleX Editor", "CompleX\CompleX Editor.csproj", "{01AACE3D-EA5F-4FC6-A8E1-F3AC880FB4CD}"
EndProject
Project("{FAE04EC0-301F-11D3-BF4B-00C04F79EFBC}") = "CompleX Library", "CompleX Library\CompleX Library.csproj", "{268EA5A6-4530-4550-B90D-0CB13834266A}"
EndProject
Project("{FAE04EC0-301F-11D3-BF4B-00C04F79EFBC}") = "Complex Designers", "Complex Designers\Complex Designers.csproj", "{55A99D0B-C49E-462B-AA0E-63C547B460E0}"
EndProject
Project("{FAE04EC0-301F-11D3-BF4B-00C04F79EFBC}") = "CompleX Presentation Controls", "CompleX Dialogs\CompleX Presentation Controls.csproj", "{A01B3D7A-5CCC-4EA8-B1A3-8FE4EB508DC0}"
EndProject
Project("{FAE04EC0-301F-11D3-BF4B-00C04F79EFBC}") = "CompleX.Scripting", "CompleX Scripting\CompleX.Scripting.csproj", "{0F1D1D69-7FBF-45AA-AB3C-FBC6EBCFE5E5}"
EndProject
Project("{FAE04EC0-301F-11D3-BF4B-00C04F79EFBC}") = "CompleX UnitTesting", "CompleX UnitTesting\CompleX UnitTesting.csproj", "{199356EB-CE62-4481-A0BD-B651E944AEE7}"
EndProject
Project("{FAE04EC0-301F-11D3-BF4B-00C04F79EFBC}") = "GuiTestApplication", "GuiTestApplication\GuiTestApplication.csproj", "{E941DE41-CD82-4217-AFD3-331906AB6A8F}"
EndProject
Project("{FAE04EC0-301F-11D3-BF4B-00C04F79EFBC}") = "CompleX Executers", "CompleX Executers\CompleX Executers.csproj", "{E76504A8-DC01-4799-8999-8B81F9988391}"
EndProject
Project("{FAE04EC0-301F-11D3-BF4B-00C04F79EFBC}") = "CompleX Types", "CompleX Types\CompleX Types.csproj", "{A6AC02F5-2519-418D-AC9B-0D750CFED944}"
EndProject
Project("{FAE04EC0-301F-11D3-BF4B-00C04F79EFBC}") = "CompleX Settings", "CompleX Settings\CompleX Settings.csproj", "{38140D21-82E5-4958-937B-B90DE9178E84}"
EndProject
Project("{FAE04EC0-301F-11D3-BF4B-00C04F79EFBC}") = "CompleX Optionpages", "CompleX Optionpages\CompleX Optionpages.csproj", "{973B6785-0168-4C00-874F-4992D2A33326}"
EndProject
Project("{FAE04EC0-301F-11D3-BF4B-00C04F79EFBC}") = "CompleX Inserters", "CompleX Inserters\CompleX Inserters.csproj", "{F1DE0BF4-BCCF-47C0-A6F9-BF4310FFF62F}"
EndProject
Project("{FAE04EC0-301F-11D3-BF4B-00C04F79EFBC}") = "CompleX ObjectEditors", "CompleX ObjectEditors\CompleX ObjectEditors.csproj", "{15C9260D-5DFF-4DD5-AB53-FFC33C23B2DD}"
EndProject
Project("{FAE04EC0-301F-11D3-BF4B-00C04F79EFBC}") = "CompleX ToolWindows", "CompleX ToolWindows\CompleX ToolWindows.csproj", "{8B7A5CEA-F599-4CDB-A005-21F91BF87A55}"
EndProject
Project("{FAE04EC0-301F-11D3-BF4B-00C04F79EFBC}") = "DOLBase", "DOL\DOLBase.csproj", "{2D477598-FCF8-41EA-939D-EA2F4A354EC3}"
EndProject
Project("{FAE04EC0-301F-11D3-BF4B-00C04F79EFBC}") = "DOLHtml", "DOL\DOLHtml.csproj", "{34D39999-83F1-40EF-9A4B-0DECA74353A3}"
EndProject
Project("{FAE04EC0-301F-11D3-BF4B-00C04F79EFBC}") = "CompleX SourceEditors", "CompleX SourceEditors\CompleX SourceEditors.csproj", "{17C70355-C3E8-4B87-BEF4-1D7299B969F9}"
EndProject
Project("{2150E333-8FDC-42A3-9474-1A3956D46DE8}") = "Components", "Components", "{DCFF2FA4-E843-4697-BBEB-F1E6D48D6AEB}"
EndProject
Project("{FAE04EC0-301F-11D3-BF4B-00C04F79EFBC}") = "ICSharpCode.AvalonEdit", "ICSharpCode.AvalonEdit\ICSharpCode.AvalonEdit.csproj", "{6C55B776-26D4-4DB3-A6AB-87E783B2F3D1}"
EndProject
Project("{FAE04EC0-301F-11D3-BF4B-00C04F79EFBC}") = "ICSharpCode.AvalonEdit.Tests", "ICSharpCode.AvalonEdit.Tests\ICSharpCode.AvalonEdit.Tests.csproj", "{6222A3A1-83CE-47A3-A4E4-A018F82D44D8}"
EndProject
Project("{FAE04EC0-301F-11D3-BF4B-00C04F79EFBC}") = "Assemblies and Contents", "Assemblies and Contents\Assemblies and Contents.csproj", "{7A03D3DD-29E6-4C64-97BD-CB5B511624D7}"
EndProject
Global
	GlobalSection(TeamFoundationVersionControl) = preSolution
		SccNumberOfProjects = 21
		SccEnterpriseProvider = {4CA58AB2-18FA-4F8D-95D4-32DDF27D184C}
		SccTeamFoundationServer = https://ourshare.de/tfs/defaultcollection
		SccLocalPath0 = .
		SccProjectUniqueName1 = Complex\u0020Designers\\Complex\u0020Designers.csproj
		SccProjectName1 = Complex\u0020Designers
		SccLocalPath1 = Complex\u0020Designers
		SccProjectUniqueName2 = CompleX\u0020Executers\\CompleX\u0020Executers.csproj
		SccProjectName2 = CompleX\u0020Executers
		SccLocalPath2 = CompleX\u0020Executers
		SccProjectUniqueName3 = CompleX\u0020Inserters\\CompleX\u0020Inserters.csproj
		SccProjectName3 = CompleX\u0020Inserters
		SccLocalPath3 = CompleX\u0020Inserters
		SccProjectUniqueName4 = CompleX\u0020Library\\CompleX\u0020Library.csproj
		SccProjectName4 = CompleX\u0020Library
		SccLocalPath4 = CompleX\u0020Library
		SccProjectUniqueName5 = CompleX\u0020ObjectEditors\\CompleX\u0020ObjectEditors.csproj
		SccProjectName5 = CompleX\u0020ObjectEditors
		SccLocalPath5 = CompleX\u0020ObjectEditors
		SccProjectUniqueName6 = CompleX\u0020Optionpages\\CompleX\u0020Optionpages.csproj
		SccProjectName6 = CompleX\u0020Optionpages
		SccLocalPath6 = CompleX\u0020Optionpages
		SccProjectUniqueName7 = CompleX\u0020Scripting\\CompleX.Scripting.csproj
		SccProjectName7 = CompleX\u0020Scripting
		SccLocalPath7 = CompleX\u0020Scripting
		SccProjectUniqueName8 = CompleX\u0020Settings\\CompleX\u0020Settings.csproj
		SccProjectName8 = CompleX\u0020Settings
		SccLocalPath8 = CompleX\u0020Settings
		SccProjectUniqueName9 = CompleX\u0020SourceEditors\\CompleX\u0020SourceEditors.csproj
		SccProjectName9 = CompleX\u0020SourceEditors
		SccLocalPath9 = CompleX\u0020SourceEditors
		SccProjectUniqueName10 = CompleX\u0020ToolWindows\\CompleX\u0020ToolWindows.csproj
		SccProjectName10 = CompleX\u0020ToolWindows
		SccLocalPath10 = CompleX\u0020ToolWindows
		SccProjectUniqueName11 = CompleX\u0020Types\\CompleX\u0020Types.csproj
		SccProjectName11 = CompleX\u0020Types
		SccLocalPath11 = CompleX\u0020Types
		SccProjectUniqueName12 = CompleX\u0020UnitTesting\\CompleX\u0020UnitTesting.csproj
		SccProjectTopLevelParentUniqueName12 = CompleX.sln
		SccProjectName12 = CompleX\u0020UnitTesting
		SccLocalPath12 = CompleX\u0020UnitTesting
		SccProjectUniqueName13 = CompleX\\CompleX\u0020Editor.csproj
		SccProjectName13 = CompleX
		SccLocalPath13 = CompleX
		SccProjectUniqueName14 = DOL\\DOLBase.csproj
		SccProjectTopLevelParentUniqueName14 = CompleX.sln
		SccProjectName14 = DOL
		SccLocalPath14 = DOL
		SccProjectUniqueName15 = DOL\\DOLHtml.csproj
		SccProjectTopLevelParentUniqueName15 = CompleX.sln
		SccProjectName15 = DOL
		SccLocalPath15 = DOL
		SccProjectUniqueName16 = GuiTestApplication\\GuiTestApplication.csproj
		SccProjectTopLevelParentUniqueName16 = CompleX.sln
		SccProjectName16 = GuiTestApplication
		SccLocalPath16 = GuiTestApplication
		SccProjectUniqueName17 = ICSharpCode.AvalonEdit.Tests\\ICSharpCode.AvalonEdit.Tests.csproj
		SccProjectTopLevelParentUniqueName17 = CompleX.sln
		SccProjectName17 = ICSharpCode.AvalonEdit.Tests
		SccLocalPath17 = ICSharpCode.AvalonEdit.Tests
		SccProjectUniqueName18 = ICSharpCode.AvalonEdit\\ICSharpCode.AvalonEdit.csproj
		SccProjectTopLevelParentUniqueName18 = CompleX.sln
		SccProjectName18 = ICSharpCode.AvalonEdit
		SccLocalPath18 = ICSharpCode.AvalonEdit
		SccProjectUniqueName19 = Assemblies\u0020and\u0020Contents\\Assemblies\u0020and\u0020Contents.csproj
		SccProjectName19 = Assemblies\u0020and\u0020Contents
		SccLocalPath19 = Assemblies\u0020and\u0020Contents
		SccProjectUniqueName20 = CompleX\u0020Dialogs\\CompleX\u0020Presentation\u0020Controls.csproj
		SccProjectName20 = CompleX\u0020Dialogs
		SccLocalPath20 = CompleX\u0020Dialogs
	EndGlobalSection
	GlobalSection(TestCaseManagementSettings) = postSolution
		CategoryFile = CompleX.vsmdi
	EndGlobalSection
	GlobalSection(SolutionConfigurationPlatforms) = preSolution
		Debug|Any CPU = Debug|Any CPU
		Release|Any CPU = Release|Any CPU
	EndGlobalSection
	GlobalSection(ProjectConfigurationPlatforms) = postSolution
		{01AACE3D-EA5F-4FC6-A8E1-F3AC880FB4CD}.Debug|Any CPU.ActiveCfg = Debug|Any CPU
		{01AACE3D-EA5F-4FC6-A8E1-F3AC880FB4CD}.Debug|Any CPU.Build.0 = Debug|Any CPU
		{01AACE3D-EA5F-4FC6-A8E1-F3AC880FB4CD}.Release|Any CPU.ActiveCfg = Release|Any CPU
		{01AACE3D-EA5F-4FC6-A8E1-F3AC880FB4CD}.Release|Any CPU.Build.0 = Release|Any CPU
		{268EA5A6-4530-4550-B90D-0CB13834266A}.Debug|Any CPU.ActiveCfg = Debug|Any CPU
		{268EA5A6-4530-4550-B90D-0CB13834266A}.Debug|Any CPU.Build.0 = Debug|Any CPU
		{268EA5A6-4530-4550-B90D-0CB13834266A}.Release|Any CPU.ActiveCfg = Release|Any CPU
		{268EA5A6-4530-4550-B90D-0CB13834266A}.Release|Any CPU.Build.0 = Release|Any CPU
		{55A99D0B-C49E-462B-AA0E-63C547B460E0}.Debug|Any CPU.ActiveCfg = Debug|Any CPU
		{55A99D0B-C49E-462B-AA0E-63C547B460E0}.Debug|Any CPU.Build.0 = Debug|Any CPU
		{55A99D0B-C49E-462B-AA0E-63C547B460E0}.Release|Any CPU.ActiveCfg = Release|Any CPU
		{55A99D0B-C49E-462B-AA0E-63C547B460E0}.Release|Any CPU.Build.0 = Release|Any CPU
		{A01B3D7A-5CCC-4EA8-B1A3-8FE4EB508DC0}.Debug|Any CPU.ActiveCfg = Debug|Any CPU
		{A01B3D7A-5CCC-4EA8-B1A3-8FE4EB508DC0}.Debug|Any CPU.Build.0 = Debug|Any CPU
		{A01B3D7A-5CCC-4EA8-B1A3-8FE4EB508DC0}.Release|Any CPU.ActiveCfg = Release|Any CPU
		{A01B3D7A-5CCC-4EA8-B1A3-8FE4EB508DC0}.Release|Any CPU.Build.0 = Release|Any CPU
		{0F1D1D69-7FBF-45AA-AB3C-FBC6EBCFE5E5}.Debug|Any CPU.ActiveCfg = Debug|Any CPU
		{0F1D1D69-7FBF-45AA-AB3C-FBC6EBCFE5E5}.Debug|Any CPU.Build.0 = Debug|Any CPU
		{0F1D1D69-7FBF-45AA-AB3C-FBC6EBCFE5E5}.Release|Any CPU.ActiveCfg = Release|Any CPU
		{0F1D1D69-7FBF-45AA-AB3C-FBC6EBCFE5E5}.Release|Any CPU.Build.0 = Release|Any CPU
		{199356EB-CE62-4481-A0BD-B651E944AEE7}.Debug|Any CPU.ActiveCfg = Debug|Any CPU
		{199356EB-CE62-4481-A0BD-B651E944AEE7}.Debug|Any CPU.Build.0 = Debug|Any CPU
		{199356EB-CE62-4481-A0BD-B651E944AEE7}.Release|Any CPU.ActiveCfg = Release|Any CPU
		{199356EB-CE62-4481-A0BD-B651E944AEE7}.Release|Any CPU.Build.0 = Release|Any CPU
		{E941DE41-CD82-4217-AFD3-331906AB6A8F}.Debug|Any CPU.ActiveCfg = Debug|Any CPU
		{E941DE41-CD82-4217-AFD3-331906AB6A8F}.Debug|Any CPU.Build.0 = Debug|Any CPU
		{E941DE41-CD82-4217-AFD3-331906AB6A8F}.Release|Any CPU.ActiveCfg = Release|Any CPU
		{E941DE41-CD82-4217-AFD3-331906AB6A8F}.Release|Any CPU.Build.0 = Release|Any CPU
		{E76504A8-DC01-4799-8999-8B81F9988391}.Debug|Any CPU.ActiveCfg = Debug|Any CPU
		{E76504A8-DC01-4799-8999-8B81F9988391}.Debug|Any CPU.Build.0 = Debug|Any CPU
		{E76504A8-DC01-4799-8999-8B81F9988391}.Release|Any CPU.ActiveCfg = Release|Any CPU
		{E76504A8-DC01-4799-8999-8B81F9988391}.Release|Any CPU.Build.0 = Release|Any CPU
		{A6AC02F5-2519-418D-AC9B-0D750CFED944}.Debug|Any CPU.ActiveCfg = Debug|Any CPU
		{A6AC02F5-2519-418D-AC9B-0D750CFED944}.Debug|Any CPU.Build.0 = Debug|Any CPU
		{A6AC02F5-2519-418D-AC9B-0D750CFED944}.Release|Any CPU.ActiveCfg = Release|Any CPU
		{A6AC02F5-2519-418D-AC9B-0D750CFED944}.Release|Any CPU.Build.0 = Release|Any CPU
		{38140D21-82E5-4958-937B-B90DE9178E84}.Debug|Any CPU.ActiveCfg = Debug|Any CPU
		{38140D21-82E5-4958-937B-B90DE9178E84}.Debug|Any CPU.Build.0 = Debug|Any CPU
		{38140D21-82E5-4958-937B-B90DE9178E84}.Release|Any CPU.ActiveCfg = Release|Any CPU
		{38140D21-82E5-4958-937B-B90DE9178E84}.Release|Any CPU.Build.0 = Release|Any CPU
		{973B6785-0168-4C00-874F-4992D2A33326}.Debug|Any CPU.ActiveCfg = Debug|Any CPU
		{973B6785-0168-4C00-874F-4992D2A33326}.Debug|Any CPU.Build.0 = Debug|Any CPU
		{973B6785-0168-4C00-874F-4992D2A33326}.Release|Any CPU.ActiveCfg = Release|Any CPU
		{973B6785-0168-4C00-874F-4992D2A33326}.Release|Any CPU.Build.0 = Release|Any CPU
		{F1DE0BF4-BCCF-47C0-A6F9-BF4310FFF62F}.Debug|Any CPU.ActiveCfg = Debug|Any CPU
		{F1DE0BF4-BCCF-47C0-A6F9-BF4310FFF62F}.Debug|Any CPU.Build.0 = Debug|Any CPU
		{F1DE0BF4-BCCF-47C0-A6F9-BF4310FFF62F}.Release|Any CPU.ActiveCfg = Release|Any CPU
		{F1DE0BF4-BCCF-47C0-A6F9-BF4310FFF62F}.Release|Any CPU.Build.0 = Release|Any CPU
		{15C9260D-5DFF-4DD5-AB53-FFC33C23B2DD}.Debug|Any CPU.ActiveCfg = Debug|Any CPU
		{15C9260D-5DFF-4DD5-AB53-FFC33C23B2DD}.Debug|Any CPU.Build.0 = Debug|Any CPU
		{15C9260D-5DFF-4DD5-AB53-FFC33C23B2DD}.Release|Any CPU.ActiveCfg = Release|Any CPU
		{15C9260D-5DFF-4DD5-AB53-FFC33C23B2DD}.Release|Any CPU.Build.0 = Release|Any CPU
		{8B7A5CEA-F599-4CDB-A005-21F91BF87A55}.Debug|Any CPU.ActiveCfg = Debug|Any CPU
		{8B7A5CEA-F599-4CDB-A005-21F91BF87A55}.Debug|Any CPU.Build.0 = Debug|Any CPU
		{8B7A5CEA-F599-4CDB-A005-21F91BF87A55}.Release|Any CPU.ActiveCfg = Release|Any CPU
		{8B7A5CEA-F599-4CDB-A005-21F91BF87A55}.Release|Any CPU.Build.0 = Release|Any CPU
		{2D477598-FCF8-41EA-939D-EA2F4A354EC3}.Debug|Any CPU.ActiveCfg = Debug|Any CPU
		{2D477598-FCF8-41EA-939D-EA2F4A354EC3}.Debug|Any CPU.Build.0 = Debug|Any CPU
		{2D477598-FCF8-41EA-939D-EA2F4A354EC3}.Release|Any CPU.ActiveCfg = Release|Any CPU
		{2D477598-FCF8-41EA-939D-EA2F4A354EC3}.Release|Any CPU.Build.0 = Release|Any CPU
		{34D39999-83F1-40EF-9A4B-0DECA74353A3}.Debug|Any CPU.ActiveCfg = Debug|Any CPU
		{34D39999-83F1-40EF-9A4B-0DECA74353A3}.Debug|Any CPU.Build.0 = Debug|Any CPU
		{34D39999-83F1-40EF-9A4B-0DECA74353A3}.Release|Any CPU.ActiveCfg = Release|Any CPU
		{34D39999-83F1-40EF-9A4B-0DECA74353A3}.Release|Any CPU.Build.0 = Release|Any CPU
		{17C70355-C3E8-4B87-BEF4-1D7299B969F9}.Debug|Any CPU.ActiveCfg = Debug|Any CPU
		{17C70355-C3E8-4B87-BEF4-1D7299B969F9}.Debug|Any CPU.Build.0 = Debug|Any CPU
		{17C70355-C3E8-4B87-BEF4-1D7299B969F9}.Release|Any CPU.ActiveCfg = Release|Any CPU
		{17C70355-C3E8-4B87-BEF4-1D7299B969F9}.Release|Any CPU.Build.0 = Release|Any CPU
		{6C55B776-26D4-4DB3-A6AB-87E783B2F3D1}.Debug|Any CPU.ActiveCfg = Debug|Any CPU
		{6C55B776-26D4-4DB3-A6AB-87E783B2F3D1}.Debug|Any CPU.Build.0 = Debug|Any CPU
		{6C55B776-26D4-4DB3-A6AB-87E783B2F3D1}.Release|Any CPU.ActiveCfg = Release|Any CPU
		{6C55B776-26D4-4DB3-A6AB-87E783B2F3D1}.Release|Any CPU.Build.0 = Release|Any CPU
		{6222A3A1-83CE-47A3-A4E4-A018F82D44D8}.Debug|Any CPU.ActiveCfg = Debug|Any CPU
		{6222A3A1-83CE-47A3-A4E4-A018F82D44D8}.Debug|Any CPU.Build.0 = Debug|Any CPU
		{6222A3A1-83CE-47A3-A4E4-A018F82D44D8}.Release|Any CPU.ActiveCfg = Release|Any CPU
		{6222A3A1-83CE-47A3-A4E4-A018F82D44D8}.Release|Any CPU.Build.0 = Release|Any CPU
		{7A03D3DD-29E6-4C64-97BD-CB5B511624D7}.Debug|Any CPU.ActiveCfg = Debug|Any CPU
		{7A03D3DD-29E6-4C64-97BD-CB5B511624D7}.Debug|Any CPU.Build.0 = Debug|Any CPU
		{7A03D3DD-29E6-4C64-97BD-CB5B511624D7}.Release|Any CPU.ActiveCfg = Release|Any CPU
		{7A03D3DD-29E6-4C64-97BD-CB5B511624D7}.Release|Any CPU.Build.0 = Release|Any CPU
	EndGlobalSection
	GlobalSection(SolutionProperties) = preSolution
		HideSolutionNode = FALSE
	EndGlobalSection
	GlobalSection(NestedProjects) = preSolution
		{7CBCAC4C-0679-4A06-8418-1252020B7AB9} = {CF6CE2AF-D5D5-488B-9FFC-B1230EB8C40E}
		{E941DE41-CD82-4217-AFD3-331906AB6A8F} = {CF6CE2AF-D5D5-488B-9FFC-B1230EB8C40E}
		{199356EB-CE62-4481-A0BD-B651E944AEE7} = {7CBCAC4C-0679-4A06-8418-1252020B7AB9}
		{6222A3A1-83CE-47A3-A4E4-A018F82D44D8} = {7CBCAC4C-0679-4A06-8418-1252020B7AB9}
		{34D39999-83F1-40EF-9A4B-0DECA74353A3} = {DCFF2FA4-E843-4697-BBEB-F1E6D48D6AEB}
		{2D477598-FCF8-41EA-939D-EA2F4A354EC3} = {DCFF2FA4-E843-4697-BBEB-F1E6D48D6AEB}
		{6C55B776-26D4-4DB3-A6AB-87E783B2F3D1} = {DCFF2FA4-E843-4697-BBEB-F1E6D48D6AEB}
	EndGlobalSection
EndGlobal
